
Microsoft Visual Studio Solution File, Format Version 12.00
# Visual Studio Version 17
VisualStudioVersion = 17.7.34031.279
MinimumVisualStudioVersion = 10.0.40219.1
Project("{FAE04EC0-301F-11D3-BF4B-00C04F79EFBC}") = "InheritanceApp", "InheritanceApp\InheritanceApp.csproj", "{F5B637F9-079D-4553-AEC1-C23238F9E4B7}"
EndProject
Global
	GlobalSection(SolutionConfigurationPlatforms) = preSolution
		Debug|Any CPU = Debug|Any CPU
		Release|Any CPU = Release|Any CPU
	EndGlobalSection
	GlobalSection(ProjectConfigurationPlatforms) = postSolution
		{F5B637F9-079D-4553-AEC1-C23238F9E4B7}.Debug|Any CPU.ActiveCfg = Debug|Any CPU
		{F5B637F9-079D-4553-AEC1-C23238F9E4B7}.Debug|Any CPU.Build.0 = Debug|Any CPU
		{F5B637F9-079D-4553-AEC1-C23238F9E4B7}.Release|Any CPU.ActiveCfg = Release|Any CPU
		{F5B637F9-079D-4553-AEC1-C23238F9E4B7}.Release|Any CPU.Build.0 = Release|Any CPU
	EndGlobalSection
	GlobalSection(SolutionProperties) = preSolution
		HideSolutionNode = FALSE
	EndGlobalSection
	GlobalSection(ExtensibilityGlobals) = postSolution
		SolutionGuid = {44627633-FE5C-4F46-929C-66FFFE48F400}
	EndGlobalSection
EndGlobal
